
Microsoft Visual Studio Solution File, Format Version 12.00
# Visual Studio 15
VisualStudioVersion = 15.0.28307.329
MinimumVisualStudioVersion = 10.0.40219.1
Project("{8BC9CEB8-8B4A-11D0-8D11-00A0C91BC942}") = "Proyecto1EDD", "Proyecto1EDD\Proyecto1EDD.vcxproj", "{CD6CA458-5FAB-4969-95DA-BC06E8E8A00A}"
EndProject
Global
	GlobalSection(SolutionConfigurationPlatforms) = preSolution
		Debug|x64 = Debug|x64
		Debug|x86 = Debug|x86
		Release|x64 = Release|x64
		Release|x86 = Release|x86
	EndGlobalSection
	GlobalSection(ProjectConfigurationPlatforms) = postSolution
		{CD6CA458-5FAB-4969-95DA-BC06E8E8A00A}.Debug|x64.ActiveCfg = Debug|x64
		{CD6CA458-5FAB-4969-95DA-BC06E8E8A00A}.Debug|x64.Build.0 = Debug|x64
		{CD6CA458-5FAB-4969-95DA-BC06E8E8A00A}.Debug|x86.ActiveCfg = Debug|Win32
		{CD6CA458-5FAB-4969-95DA-BC06E8E8A00A}.Debug|x86.Build.0 = Debug|Win32
		{CD6CA458-5FAB-4969-95DA-BC06E8E8A00A}.Release|x64.ActiveCfg = Release|x64
		{CD6CA458-5FAB-4969-95DA-BC06E8E8A00A}.Release|x64.Build.0 = Release|x64
		{CD6CA458-5FAB-4969-95DA-BC06E8E8A00A}.Release|x86.ActiveCfg = Release|Win32
		{CD6CA458-5FAB-4969-95DA-BC06E8E8A00A}.Release|x86.Build.0 = Release|Win32
	EndGlobalSection
	GlobalSection(SolutionProperties) = preSolution
		HideSolutionNode = FALSE
	EndGlobalSection
	GlobalSection(ExtensibilityGlobals) = postSolution
		SolutionGuid = {B98B9530-80C3-4E3A-9291-2F39948D052A}
	EndGlobalSection
EndGlobal
